
Microsoft Visual Studio Solution File, Format Version 12.00
# Visual Studio Version 17
VisualStudioVersion = 17.0.32014.148
MinimumVisualStudioVersion = 10.0.40219.1
Project("{9A19103F-16F7-4668-BE54-9A1E7A4F7556}") = "Core", "Core\Core.csproj", "{3A8BF9A6-A1C2-4762-BC55-F6D999793D4F}"
EndProject
Project("{9A19103F-16F7-4668-BE54-9A1E7A4F7556}") = "DataCatalog.API", "DataCatalog.API\DataCatalog.API.csproj", "{B3DC7BDC-FB0A-4946-98C7-BBDEEEC2ED13}"
EndProject
Project("{9A19103F-16F7-4668-BE54-9A1E7A4F7556}") = "DataCatalog.Client", "DataCatalog.Client\DataCatalog.Client.csproj", "{CBBB3B49-EA64-4332-9EFD-91BB49E83649}"
EndProject
Project("{9A19103F-16F7-4668-BE54-9A1E7A4F7556}") = "DataCatalog.Models", "DataCatalog.Models\DataCatalog.Models.csproj", "{EAC31150-5303-4656-83C4-BFB733C9CD43}"
EndProject
Project("{9A19103F-16F7-4668-BE54-9A1E7A4F7556}") = "DataCatalog.Portal", "DataCatalog.Portal\DataCatalog.Portal.csproj", "{33B464EC-878D-4C8B-B068-94EC5C60E800}"
EndProject
Project("{9A19103F-16F7-4668-BE54-9A1E7A4F7556}") = "Shared.Portal", "Shared.Portal\Shared.Portal.csproj", "{F87EA0E6-6743-4D5C-B852-744D0FA6C625}"
EndProject
Global
	GlobalSection(SolutionConfigurationPlatforms) = preSolution
		Debug|Any CPU = Debug|Any CPU
		Release|Any CPU = Release|Any CPU
	EndGlobalSection
	GlobalSection(ProjectConfigurationPlatforms) = postSolution
		{3A8BF9A6-A1C2-4762-BC55-F6D999793D4F}.Debug|Any CPU.ActiveCfg = Debug|Any CPU
		{3A8BF9A6-A1C2-4762-BC55-F6D999793D4F}.Debug|Any CPU.Build.0 = Debug|Any CPU
		{3A8BF9A6-A1C2-4762-BC55-F6D999793D4F}.Release|Any CPU.ActiveCfg = Release|Any CPU
		{3A8BF9A6-A1C2-4762-BC55-F6D999793D4F}.Release|Any CPU.Build.0 = Release|Any CPU
		{B3DC7BDC-FB0A-4946-98C7-BBDEEEC2ED13}.Debug|Any CPU.ActiveCfg = Debug|Any CPU
		{B3DC7BDC-FB0A-4946-98C7-BBDEEEC2ED13}.Debug|Any CPU.Build.0 = Debug|Any CPU
		{B3DC7BDC-FB0A-4946-98C7-BBDEEEC2ED13}.Release|Any CPU.ActiveCfg = Release|Any CPU
		{B3DC7BDC-FB0A-4946-98C7-BBDEEEC2ED13}.Release|Any CPU.Build.0 = Release|Any CPU
		{CBBB3B49-EA64-4332-9EFD-91BB49E83649}.Debug|Any CPU.ActiveCfg = Debug|Any CPU
		{CBBB3B49-EA64-4332-9EFD-91BB49E83649}.Debug|Any CPU.Build.0 = Debug|Any CPU
		{CBBB3B49-EA64-4332-9EFD-91BB49E83649}.Release|Any CPU.ActiveCfg = Release|Any CPU
		{CBBB3B49-EA64-4332-9EFD-91BB49E83649}.Release|Any CPU.Build.0 = Release|Any CPU
		{EAC31150-5303-4656-83C4-BFB733C9CD43}.Debug|Any CPU.ActiveCfg = Debug|Any CPU
		{EAC31150-5303-4656-83C4-BFB733C9CD43}.Debug|Any CPU.Build.0 = Debug|Any CPU
		{EAC31150-5303-4656-83C4-BFB733C9CD43}.Release|Any CPU.ActiveCfg = Release|Any CPU
		{EAC31150-5303-4656-83C4-BFB733C9CD43}.Release|Any CPU.Build.0 = Release|Any CPU
		{33B464EC-878D-4C8B-B068-94EC5C60E800}.Debug|Any CPU.ActiveCfg = Debug|Any CPU
		{33B464EC-878D-4C8B-B068-94EC5C60E800}.Debug|Any CPU.Build.0 = Debug|Any CPU
		{33B464EC-878D-4C8B-B068-94EC5C60E800}.Release|Any CPU.ActiveCfg = Release|Any CPU
		{33B464EC-878D-4C8B-B068-94EC5C60E800}.Release|Any CPU.Build.0 = Release|Any CPU
		{F87EA0E6-6743-4D5C-B852-744D0FA6C625}.Debug|Any CPU.ActiveCfg = Debug|Any CPU
		{F87EA0E6-6743-4D5C-B852-744D0FA6C625}.Debug|Any CPU.Build.0 = Debug|Any CPU
		{F87EA0E6-6743-4D5C-B852-744D0FA6C625}.Release|Any CPU.ActiveCfg = Release|Any CPU
		{F87EA0E6-6743-4D5C-B852-744D0FA6C625}.Release|Any CPU.Build.0 = Release|Any CPU
	EndGlobalSection
	GlobalSection(SolutionProperties) = preSolution
		HideSolutionNode = FALSE
	EndGlobalSection
	GlobalSection(ExtensibilityGlobals) = postSolution
		SolutionGuid = {43C823AC-4B7E-46B3-9FAD-6DAF5F118056}
	EndGlobalSection
EndGlobal
